
Microsoft Visual Studio Solution File, Format Version 12.00
# Visual Studio Version 17
VisualStudioVersion = 17.7.34024.191
MinimumVisualStudioVersion = 10.0.40219.1
Project("{FAE04EC0-301F-11D3-BF4B-00C04F79EFBC}") = "NumbersGame", "NumbersGame\NumbersGame.csproj", "{020E7F37-D091-45E8-AB0D-69256E2D488B}"
EndProject
Global
	GlobalSection(SolutionConfigurationPlatforms) = preSolution
		Debug|Any CPU = Debug|Any CPU
		Release|Any CPU = Release|Any CPU
	EndGlobalSection
	GlobalSection(ProjectConfigurationPlatforms) = postSolution
		{020E7F37-D091-45E8-AB0D-69256E2D488B}.Debug|Any CPU.ActiveCfg = Debug|Any CPU
		{020E7F37-D091-45E8-AB0D-69256E2D488B}.Debug|Any CPU.Build.0 = Debug|Any CPU
		{020E7F37-D091-45E8-AB0D-69256E2D488B}.Release|Any CPU.ActiveCfg = Release|Any CPU
		{020E7F37-D091-45E8-AB0D-69256E2D488B}.Release|Any CPU.Build.0 = Release|Any CPU
	EndGlobalSection
	GlobalSection(SolutionProperties) = preSolution
		HideSolutionNode = FALSE
	EndGlobalSection
	GlobalSection(ExtensibilityGlobals) = postSolution
		SolutionGuid = {CF2FC655-3CE1-4C58-BAFE-F93BD6C425B3}
	EndGlobalSection
EndGlobal
